
Microsoft Visual Studio Solution File, Format Version 12.00
# Visual Studio Version 17
VisualStudioVersion = 17.7.34009.444
MinimumVisualStudioVersion = 10.0.40219.1
Project("{FAE04EC0-301F-11D3-BF4B-00C04F79EFBC}") = "BasicCalculator", "BasicCalculator\BasicCalculator.csproj", "{3097E92E-1238-4001-8330-C4317A6D31A4}"
EndProject
Global
	GlobalSection(SolutionConfigurationPlatforms) = preSolution
		Debug|Any CPU = Debug|Any CPU
		Release|Any CPU = Release|Any CPU
	EndGlobalSection
	GlobalSection(ProjectConfigurationPlatforms) = postSolution
		{3097E92E-1238-4001-8330-C4317A6D31A4}.Debug|Any CPU.ActiveCfg = Debug|Any CPU
		{3097E92E-1238-4001-8330-C4317A6D31A4}.Debug|Any CPU.Build.0 = Debug|Any CPU
		{3097E92E-1238-4001-8330-C4317A6D31A4}.Release|Any CPU.ActiveCfg = Release|Any CPU
		{3097E92E-1238-4001-8330-C4317A6D31A4}.Release|Any CPU.Build.0 = Release|Any CPU
	EndGlobalSection
	GlobalSection(SolutionProperties) = preSolution
		HideSolutionNode = FALSE
	EndGlobalSection
	GlobalSection(ExtensibilityGlobals) = postSolution
		SolutionGuid = {CDA30A85-9443-4179-B04E-417556836E3F}
	EndGlobalSection
EndGlobal
